
Microsoft Visual Studio Solution File, Format Version 12.00
# Visual Studio Version 17
VisualStudioVersion = 17.0.31919.166
MinimumVisualStudioVersion = 10.0.40219.1
Project("{8BC9CEB8-8B4A-11D0-8D11-00A0C91BC942}") = "NothinFancy", "NothinFancy\NothinFancy.vcxproj", "{1B9C5361-E301-41BF-97E7-56D65F11E2BB}"
EndProject
Project("{8BC9CEB8-8B4A-11D0-8D11-00A0C91BC942}") = "Game", "Game\Game.vcxproj", "{B7FEC2D6-1D8F-487E-89CB-FD611FD1AEB6}"
	ProjectSection(ProjectDependencies) = postProject
		{771B4AEE-E2C6-4745-AC40-1EF57149612E} = {771B4AEE-E2C6-4745-AC40-1EF57149612E}
	EndProjectSection
EndProject
Project("{8BC9CEB8-8B4A-11D0-8D11-00A0C91BC942}") = "NFAssetBuilder", "NFAssetBuilder\NFAssetBuilder.vcxproj", "{771B4AEE-E2C6-4745-AC40-1EF57149612E}"
EndProject
Global
	GlobalSection(SolutionConfigurationPlatforms) = preSolution
		Debug|x64 = Debug|x64
		Release|x64 = Release|x64
	EndGlobalSection
	GlobalSection(ProjectConfigurationPlatforms) = postSolution
		{1B9C5361-E301-41BF-97E7-56D65F11E2BB}.Debug|x64.ActiveCfg = Debug|x64
		{1B9C5361-E301-41BF-97E7-56D65F11E2BB}.Debug|x64.Build.0 = Debug|x64
		{1B9C5361-E301-41BF-97E7-56D65F11E2BB}.Release|x64.ActiveCfg = Release|x64
		{1B9C5361-E301-41BF-97E7-56D65F11E2BB}.Release|x64.Build.0 = Release|x64
		{B7FEC2D6-1D8F-487E-89CB-FD611FD1AEB6}.Debug|x64.ActiveCfg = Debug|x64
		{B7FEC2D6-1D8F-487E-89CB-FD611FD1AEB6}.Debug|x64.Build.0 = Debug|x64
		{B7FEC2D6-1D8F-487E-89CB-FD611FD1AEB6}.Release|x64.ActiveCfg = Release|x64
		{B7FEC2D6-1D8F-487E-89CB-FD611FD1AEB6}.Release|x64.Build.0 = Release|x64
		{771B4AEE-E2C6-4745-AC40-1EF57149612E}.Debug|x64.ActiveCfg = Debug|x64
		{771B4AEE-E2C6-4745-AC40-1EF57149612E}.Debug|x64.Build.0 = Debug|x64
		{771B4AEE-E2C6-4745-AC40-1EF57149612E}.Release|x64.ActiveCfg = Release|x64
		{771B4AEE-E2C6-4745-AC40-1EF57149612E}.Release|x64.Build.0 = Release|x64
	EndGlobalSection
	GlobalSection(SolutionProperties) = preSolution
		HideSolutionNode = FALSE
	EndGlobalSection
	GlobalSection(ExtensibilityGlobals) = postSolution
		SolutionGuid = {AAE58A1A-706E-4E24-974A-9FD1D3BB2B2D}
	EndGlobalSection
EndGlobal
