
Microsoft Visual Studio Solution File, Format Version 12.00
# Visual Studio Version 16
VisualStudioVersion = 16.0.31605.320
MinimumVisualStudioVersion = 10.0.40219.1
Project("{8BC9CEB8-8B4A-11D0-8D11-00A0C91BC942}") = "NothinFancy", "NothinFancy\NothinFancy.vcxproj", "{1B9C5361-E301-41BF-97E7-56D65F11E2BB}"
EndProject
Project("{8BC9CEB8-8B4A-11D0-8D11-00A0C91BC942}") = "Game", "Game\Game.vcxproj", "{B7FEC2D6-1D8F-487E-89CB-FD611FD1AEB6}"
EndProject
Global
	GlobalSection(SolutionConfigurationPlatforms) = preSolution
		Debug|x64 = Debug|x64
		Debug|x86 = Debug|x86
		Release|x64 = Release|x64
		Release|x86 = Release|x86
	EndGlobalSection
	GlobalSection(ProjectConfigurationPlatforms) = postSolution
		{1B9C5361-E301-41BF-97E7-56D65F11E2BB}.Debug|x64.ActiveCfg = Debug|x64
		{1B9C5361-E301-41BF-97E7-56D65F11E2BB}.Debug|x86.ActiveCfg = Debug|Win32
		{1B9C5361-E301-41BF-97E7-56D65F11E2BB}.Debug|x86.Build.0 = Debug|Win32
		{1B9C5361-E301-41BF-97E7-56D65F11E2BB}.Release|x64.ActiveCfg = Release|x64
		{1B9C5361-E301-41BF-97E7-56D65F11E2BB}.Release|x86.ActiveCfg = Release|Win32
		{1B9C5361-E301-41BF-97E7-56D65F11E2BB}.Release|x86.Build.0 = Release|Win32
		{B7FEC2D6-1D8F-487E-89CB-FD611FD1AEB6}.Debug|x64.ActiveCfg = Debug|x64
		{B7FEC2D6-1D8F-487E-89CB-FD611FD1AEB6}.Debug|x86.ActiveCfg = Debug|Win32
		{B7FEC2D6-1D8F-487E-89CB-FD611FD1AEB6}.Debug|x86.Build.0 = Debug|Win32
		{B7FEC2D6-1D8F-487E-89CB-FD611FD1AEB6}.Release|x64.ActiveCfg = Release|x64
		{B7FEC2D6-1D8F-487E-89CB-FD611FD1AEB6}.Release|x86.ActiveCfg = Release|Win32
		{B7FEC2D6-1D8F-487E-89CB-FD611FD1AEB6}.Release|x86.Build.0 = Release|Win32
	EndGlobalSection
	GlobalSection(SolutionProperties) = preSolution
		HideSolutionNode = FALSE
	EndGlobalSection
	GlobalSection(ExtensibilityGlobals) = postSolution
		SolutionGuid = {AAE58A1A-706E-4E24-974A-9FD1D3BB2B2D}
	EndGlobalSection
EndGlobal
